
Microsoft Visual Studio Solution File, Format Version 12.00
# Visual Studio Version 17
VisualStudioVersion = 17.9.34728.123
MinimumVisualStudioVersion = 10.0.40219.1
Project("{FAE04EC0-301F-11D3-BF4B-00C04F79EFBC}") = "DataInsert", "DataInsert\DataInsert.csproj", "{4F341E20-6E7A-4122-B72B-F84478A568E1}"
EndProject
Project("{9A19103F-16F7-4668-BE54-9A1E7A4F7556}") = "Controller", "..\DataBaseInjection\Controller\Controller.csproj", "{471D1BEE-84C3-44AC-A700-E46F460C0C12}"
EndProject
Project("{9A19103F-16F7-4668-BE54-9A1E7A4F7556}") = "Models", "..\DataBaseInjection\Models\Models.csproj", "{D2015AE1-321D-4CC8-8DE9-603C90C46969}"
EndProject
Project("{9A19103F-16F7-4668-BE54-9A1E7A4F7556}") = "Repository", "..\DataBaseInjection\Repository\Repository.csproj", "{C66D46DE-750C-4ECB-A5CE-AC4F4CE8C1B6}"
EndProject
Project("{9A19103F-16F7-4668-BE54-9A1E7A4F7556}") = "Service", "..\DataBaseInjection\Service\Service.csproj", "{BBEF243D-C133-45F0-B861-6B793B6E83E6}"
EndProject
Global
	GlobalSection(SolutionConfigurationPlatforms) = preSolution
		Debug|Any CPU = Debug|Any CPU
		Release|Any CPU = Release|Any CPU
	EndGlobalSection
	GlobalSection(ProjectConfigurationPlatforms) = postSolution
		{4F341E20-6E7A-4122-B72B-F84478A568E1}.Debug|Any CPU.ActiveCfg = Debug|Any CPU
		{4F341E20-6E7A-4122-B72B-F84478A568E1}.Debug|Any CPU.Build.0 = Debug|Any CPU
		{4F341E20-6E7A-4122-B72B-F84478A568E1}.Release|Any CPU.ActiveCfg = Release|Any CPU
		{4F341E20-6E7A-4122-B72B-F84478A568E1}.Release|Any CPU.Build.0 = Release|Any CPU
		{471D1BEE-84C3-44AC-A700-E46F460C0C12}.Debug|Any CPU.ActiveCfg = Debug|Any CPU
		{471D1BEE-84C3-44AC-A700-E46F460C0C12}.Debug|Any CPU.Build.0 = Debug|Any CPU
		{471D1BEE-84C3-44AC-A700-E46F460C0C12}.Release|Any CPU.ActiveCfg = Release|Any CPU
		{471D1BEE-84C3-44AC-A700-E46F460C0C12}.Release|Any CPU.Build.0 = Release|Any CPU
		{D2015AE1-321D-4CC8-8DE9-603C90C46969}.Debug|Any CPU.ActiveCfg = Debug|Any CPU
		{D2015AE1-321D-4CC8-8DE9-603C90C46969}.Debug|Any CPU.Build.0 = Debug|Any CPU
		{D2015AE1-321D-4CC8-8DE9-603C90C46969}.Release|Any CPU.ActiveCfg = Release|Any CPU
		{D2015AE1-321D-4CC8-8DE9-603C90C46969}.Release|Any CPU.Build.0 = Release|Any CPU
		{C66D46DE-750C-4ECB-A5CE-AC4F4CE8C1B6}.Debug|Any CPU.ActiveCfg = Debug|Any CPU
		{C66D46DE-750C-4ECB-A5CE-AC4F4CE8C1B6}.Debug|Any CPU.Build.0 = Debug|Any CPU
		{C66D46DE-750C-4ECB-A5CE-AC4F4CE8C1B6}.Release|Any CPU.ActiveCfg = Release|Any CPU
		{C66D46DE-750C-4ECB-A5CE-AC4F4CE8C1B6}.Release|Any CPU.Build.0 = Release|Any CPU
		{BBEF243D-C133-45F0-B861-6B793B6E83E6}.Debug|Any CPU.ActiveCfg = Debug|Any CPU
		{BBEF243D-C133-45F0-B861-6B793B6E83E6}.Debug|Any CPU.Build.0 = Debug|Any CPU
		{BBEF243D-C133-45F0-B861-6B793B6E83E6}.Release|Any CPU.ActiveCfg = Release|Any CPU
		{BBEF243D-C133-45F0-B861-6B793B6E83E6}.Release|Any CPU.Build.0 = Release|Any CPU
	EndGlobalSection
	GlobalSection(SolutionProperties) = preSolution
		HideSolutionNode = FALSE
	EndGlobalSection
	GlobalSection(ExtensibilityGlobals) = postSolution
		SolutionGuid = {C67D8B09-DD3E-4315-A570-807274E25D5B}
	EndGlobalSection
EndGlobal
