
Microsoft Visual Studio Solution File, Format Version 12.00
# Visual Studio Version 17
VisualStudioVersion = 17.9.34728.123
MinimumVisualStudioVersion = 10.0.40219.1
Project("{FAE04EC0-301F-11D3-BF4B-00C04F79EFBC}") = "DataBaseInjection", "DataBaseInjection\DataBaseInjection.csproj", "{F671DECC-DF1A-41B6-891E-E306E5287F88}"
EndProject
Project("{FAE04EC0-301F-11D3-BF4B-00C04F79EFBC}") = "Controller", "Controller\Controller.csproj", "{87C19CD3-D8C8-4006-8D0E-4CE3662026C4}"
EndProject
Project("{FAE04EC0-301F-11D3-BF4B-00C04F79EFBC}") = "Service", "Service\Service.csproj", "{451B6175-F7FE-48D0-B672-E3AFD466A9A9}"
EndProject
Project("{FAE04EC0-301F-11D3-BF4B-00C04F79EFBC}") = "Repository", "Repository\Repository.csproj", "{7426D25D-BEF1-4BFD-919E-345FE952FE56}"
EndProject
Project("{FAE04EC0-301F-11D3-BF4B-00C04F79EFBC}") = "Models", "Models\Models.csproj", "{8C4CB2C1-183F-4FCC-BD3D-EFF3B15AE856}"
EndProject
Global
	GlobalSection(SolutionConfigurationPlatforms) = preSolution
		Debug|Any CPU = Debug|Any CPU
		Release|Any CPU = Release|Any CPU
	EndGlobalSection
	GlobalSection(ProjectConfigurationPlatforms) = postSolution
		{F671DECC-DF1A-41B6-891E-E306E5287F88}.Debug|Any CPU.ActiveCfg = Debug|Any CPU
		{F671DECC-DF1A-41B6-891E-E306E5287F88}.Debug|Any CPU.Build.0 = Debug|Any CPU
		{F671DECC-DF1A-41B6-891E-E306E5287F88}.Release|Any CPU.ActiveCfg = Release|Any CPU
		{F671DECC-DF1A-41B6-891E-E306E5287F88}.Release|Any CPU.Build.0 = Release|Any CPU
		{87C19CD3-D8C8-4006-8D0E-4CE3662026C4}.Debug|Any CPU.ActiveCfg = Debug|Any CPU
		{87C19CD3-D8C8-4006-8D0E-4CE3662026C4}.Debug|Any CPU.Build.0 = Debug|Any CPU
		{87C19CD3-D8C8-4006-8D0E-4CE3662026C4}.Release|Any CPU.ActiveCfg = Release|Any CPU
		{87C19CD3-D8C8-4006-8D0E-4CE3662026C4}.Release|Any CPU.Build.0 = Release|Any CPU
		{451B6175-F7FE-48D0-B672-E3AFD466A9A9}.Debug|Any CPU.ActiveCfg = Debug|Any CPU
		{451B6175-F7FE-48D0-B672-E3AFD466A9A9}.Debug|Any CPU.Build.0 = Debug|Any CPU
		{451B6175-F7FE-48D0-B672-E3AFD466A9A9}.Release|Any CPU.ActiveCfg = Release|Any CPU
		{451B6175-F7FE-48D0-B672-E3AFD466A9A9}.Release|Any CPU.Build.0 = Release|Any CPU
		{7426D25D-BEF1-4BFD-919E-345FE952FE56}.Debug|Any CPU.ActiveCfg = Debug|Any CPU
		{7426D25D-BEF1-4BFD-919E-345FE952FE56}.Debug|Any CPU.Build.0 = Debug|Any CPU
		{7426D25D-BEF1-4BFD-919E-345FE952FE56}.Release|Any CPU.ActiveCfg = Release|Any CPU
		{7426D25D-BEF1-4BFD-919E-345FE952FE56}.Release|Any CPU.Build.0 = Release|Any CPU
		{8C4CB2C1-183F-4FCC-BD3D-EFF3B15AE856}.Debug|Any CPU.ActiveCfg = Debug|Any CPU
		{8C4CB2C1-183F-4FCC-BD3D-EFF3B15AE856}.Debug|Any CPU.Build.0 = Debug|Any CPU
		{8C4CB2C1-183F-4FCC-BD3D-EFF3B15AE856}.Release|Any CPU.ActiveCfg = Release|Any CPU
		{8C4CB2C1-183F-4FCC-BD3D-EFF3B15AE856}.Release|Any CPU.Build.0 = Release|Any CPU
	EndGlobalSection
	GlobalSection(SolutionProperties) = preSolution
		HideSolutionNode = FALSE
	EndGlobalSection
	GlobalSection(ExtensibilityGlobals) = postSolution
		SolutionGuid = {BEE7D465-709D-465B-87EC-822941528789}
	EndGlobalSection
EndGlobal
